
Microsoft Visual Studio Solution File, Format Version 12.00
# Visual Studio 15
VisualStudioVersion = 15.0.27703.2042
MinimumVisualStudioVersion = 10.0.40219.1
Project("{9A19103F-16F7-4668-BE54-9A1E7A4F7556}") = "Solution", "src\Solution\Solution.csproj", "{A62BA771-BF7B-4D31-952A-61399EDC572D}"
EndProject
Project("{2150E333-8FDC-42A3-9474-1A3956D46DE8}") = "Toplevel files", "Toplevel files", "{82EDE358-7A18-434C-9A59-897E800F97F6}"
	ProjectSection(SolutionItems) = preProject
		.gitignore = .gitignore
		README.md = README.md
	EndProjectSection
EndProject
Project("{9A19103F-16F7-4668-BE54-9A1E7A4F7556}") = "Tests", "Tests\Tests.csproj", "{A3BEDC0E-7A6A-4784-BE93-FB4BBA260A1C}"
EndProject
Project("{9A19103F-16F7-4668-BE54-9A1E7A4F7556}") = "TraceReader", "TraceReader\TraceReader.csproj", "{FC3BF207-9B41-4D0B-AE03-8B5179D14C99}"
EndProject
Project("{FAE04EC0-301F-11D3-BF4B-00C04F79EFBC}") = "TestStrategies", "TestStrategies\TestStrategies.csproj", "{A4779736-8986-46C9-AC47-B78B7BA34F8B}"
EndProject
Global
	GlobalSection(SolutionConfigurationPlatforms) = preSolution
		Debug|Any CPU = Debug|Any CPU
		Release|Any CPU = Release|Any CPU
	EndGlobalSection
	GlobalSection(ProjectConfigurationPlatforms) = postSolution
		{A62BA771-BF7B-4D31-952A-61399EDC572D}.Debug|Any CPU.ActiveCfg = Debug|Any CPU
		{A62BA771-BF7B-4D31-952A-61399EDC572D}.Debug|Any CPU.Build.0 = Debug|Any CPU
		{A62BA771-BF7B-4D31-952A-61399EDC572D}.Release|Any CPU.ActiveCfg = Release|Any CPU
		{A62BA771-BF7B-4D31-952A-61399EDC572D}.Release|Any CPU.Build.0 = Release|Any CPU
		{A3BEDC0E-7A6A-4784-BE93-FB4BBA260A1C}.Debug|Any CPU.ActiveCfg = Debug|Any CPU
		{A3BEDC0E-7A6A-4784-BE93-FB4BBA260A1C}.Debug|Any CPU.Build.0 = Debug|Any CPU
		{A3BEDC0E-7A6A-4784-BE93-FB4BBA260A1C}.Release|Any CPU.ActiveCfg = Release|Any CPU
		{A3BEDC0E-7A6A-4784-BE93-FB4BBA260A1C}.Release|Any CPU.Build.0 = Release|Any CPU
		{FC3BF207-9B41-4D0B-AE03-8B5179D14C99}.Debug|Any CPU.ActiveCfg = Debug|Any CPU
		{FC3BF207-9B41-4D0B-AE03-8B5179D14C99}.Debug|Any CPU.Build.0 = Debug|Any CPU
		{FC3BF207-9B41-4D0B-AE03-8B5179D14C99}.Release|Any CPU.ActiveCfg = Release|Any CPU
		{FC3BF207-9B41-4D0B-AE03-8B5179D14C99}.Release|Any CPU.Build.0 = Release|Any CPU
		{A4779736-8986-46C9-AC47-B78B7BA34F8B}.Debug|Any CPU.ActiveCfg = Debug|Any CPU
		{A4779736-8986-46C9-AC47-B78B7BA34F8B}.Debug|Any CPU.Build.0 = Debug|Any CPU
		{A4779736-8986-46C9-AC47-B78B7BA34F8B}.Release|Any CPU.ActiveCfg = Release|Any CPU
		{A4779736-8986-46C9-AC47-B78B7BA34F8B}.Release|Any CPU.Build.0 = Release|Any CPU
	EndGlobalSection
	GlobalSection(SolutionProperties) = preSolution
		HideSolutionNode = FALSE
	EndGlobalSection
	GlobalSection(ExtensibilityGlobals) = postSolution
		SolutionGuid = {BDAEC6EA-EE62-4829-BC94-76F4563E9616}
	EndGlobalSection
EndGlobal
